
Microsoft Visual Studio Solution File, Format Version 12.00
# Visual Studio Version 17
VisualStudioVersion = 17.13.35931.197 d17.13
MinimumVisualStudioVersion = 10.0.40219.1
Project("{FAE04EC0-301F-11D3-BF4B-00C04F79EFBC}") = "CiclowhileEjemplo", "CiclowhileEjemplo.csproj", "{020A7D49-B4E3-4188-948A-61F676192D30}"
EndProject
Global
	GlobalSection(SolutionConfigurationPlatforms) = preSolution
		Debug|Any CPU = Debug|Any CPU
		Release|Any CPU = Release|Any CPU
	EndGlobalSection
	GlobalSection(ProjectConfigurationPlatforms) = postSolution
		{020A7D49-B4E3-4188-948A-61F676192D30}.Debug|Any CPU.ActiveCfg = Debug|Any CPU
		{020A7D49-B4E3-4188-948A-61F676192D30}.Debug|Any CPU.Build.0 = Debug|Any CPU
		{020A7D49-B4E3-4188-948A-61F676192D30}.Release|Any CPU.ActiveCfg = Release|Any CPU
		{020A7D49-B4E3-4188-948A-61F676192D30}.Release|Any CPU.Build.0 = Release|Any CPU
	EndGlobalSection
	GlobalSection(SolutionProperties) = preSolution
		HideSolutionNode = FALSE
	EndGlobalSection
	GlobalSection(ExtensibilityGlobals) = postSolution
		SolutionGuid = {3C6B676B-B4C8-4931-8E41-D368ACBC842F}
	EndGlobalSection
EndGlobal
