Microsoft Visual Studio Solution File, Format Version 12.00
# Visual Studio Version 17
VisualStudioVersion = 17.5.2.0
MinimumVisualStudioVersion = 10.0.40219.1
Project("{FAE04EC0-301F-11D3-BF4B-00C04F79EFBC}") = "piedra_papel_tijera", "piedra_papel_tijera.csproj", "{EDBF6823-5D3F-A1EA-E1C3-8BD2A2F4B6B9}"
EndProject
Global
	GlobalSection(SolutionConfigurationPlatforms) = preSolution
		Debug|Any CPU = Debug|Any CPU
		Release|Any CPU = Release|Any CPU
	EndGlobalSection
	GlobalSection(ProjectConfigurationPlatforms) = postSolution
		{EDBF6823-5D3F-A1EA-E1C3-8BD2A2F4B6B9}.Debug|Any CPU.ActiveCfg = Debug|Any CPU
		{EDBF6823-5D3F-A1EA-E1C3-8BD2A2F4B6B9}.Debug|Any CPU.Build.0 = Debug|Any CPU
		{EDBF6823-5D3F-A1EA-E1C3-8BD2A2F4B6B9}.Release|Any CPU.ActiveCfg = Release|Any CPU
		{EDBF6823-5D3F-A1EA-E1C3-8BD2A2F4B6B9}.Release|Any CPU.Build.0 = Release|Any CPU
	EndGlobalSection
	GlobalSection(SolutionProperties) = preSolution
		HideSolutionNode = FALSE
	EndGlobalSection
	GlobalSection(ExtensibilityGlobals) = postSolution
		SolutionGuid = {20D272E6-2D1C-4517-A1E8-7C25FF7995A1}
	EndGlobalSection
EndGlobal
