
Microsoft Visual Studio Solution File, Format Version 12.00
# Visual Studio Version 17
VisualStudioVersion = 17.13.35931.197 d17.13
MinimumVisualStudioVersion = 10.0.40219.1
Project("{FAE04EC0-301F-11D3-BF4B-00C04F79EFBC}") = "DibujarunCuadrado", "DibujarunCuadrado.csproj", "{F05D0464-8145-421B-886C-6C5D56DBC679}"
EndProject
Global
	GlobalSection(SolutionConfigurationPlatforms) = preSolution
		Debug|Any CPU = Debug|Any CPU
		Release|Any CPU = Release|Any CPU
	EndGlobalSection
	GlobalSection(ProjectConfigurationPlatforms) = postSolution
		{F05D0464-8145-421B-886C-6C5D56DBC679}.Debug|Any CPU.ActiveCfg = Debug|Any CPU
		{F05D0464-8145-421B-886C-6C5D56DBC679}.Debug|Any CPU.Build.0 = Debug|Any CPU
		{F05D0464-8145-421B-886C-6C5D56DBC679}.Release|Any CPU.ActiveCfg = Release|Any CPU
		{F05D0464-8145-421B-886C-6C5D56DBC679}.Release|Any CPU.Build.0 = Release|Any CPU
	EndGlobalSection
	GlobalSection(SolutionProperties) = preSolution
		HideSolutionNode = FALSE
	EndGlobalSection
	GlobalSection(ExtensibilityGlobals) = postSolution
		SolutionGuid = {CEBC245D-B2E6-4BFF-A108-13AFB2D5776B}
	EndGlobalSection
EndGlobal
