
Microsoft Visual Studio Solution File, Format Version 12.00
# Visual Studio Version 17
VisualStudioVersion = 17.13.35931.197 d17.13
MinimumVisualStudioVersion = 10.0.40219.1
Project("{FAE04EC0-301F-11D3-BF4B-00C04F79EFBC}") = "NumerosPrimos", "NumerosPrimos.csproj", "{5C6E0FD3-2A04-48D0-9A8A-94ADF9DC2B98}"
EndProject
Global
	GlobalSection(SolutionConfigurationPlatforms) = preSolution
		Debug|Any CPU = Debug|Any CPU
		Release|Any CPU = Release|Any CPU
	EndGlobalSection
	GlobalSection(ProjectConfigurationPlatforms) = postSolution
		{5C6E0FD3-2A04-48D0-9A8A-94ADF9DC2B98}.Debug|Any CPU.ActiveCfg = Debug|Any CPU
		{5C6E0FD3-2A04-48D0-9A8A-94ADF9DC2B98}.Debug|Any CPU.Build.0 = Debug|Any CPU
		{5C6E0FD3-2A04-48D0-9A8A-94ADF9DC2B98}.Release|Any CPU.ActiveCfg = Release|Any CPU
		{5C6E0FD3-2A04-48D0-9A8A-94ADF9DC2B98}.Release|Any CPU.Build.0 = Release|Any CPU
	EndGlobalSection
	GlobalSection(SolutionProperties) = preSolution
		HideSolutionNode = FALSE
	EndGlobalSection
	GlobalSection(ExtensibilityGlobals) = postSolution
		SolutionGuid = {A27F6F65-6FAF-49DF-B8CC-291413220899}
	EndGlobalSection
EndGlobal
